
Microsoft Visual Studio Solution File, Format Version 12.00
# Visual Studio Version 17
VisualStudioVersion = 17.10.35027.167
MinimumVisualStudioVersion = 10.0.40219.1
Project("{FAE04EC0-301F-11D3-BF4B-00C04F79EFBC}") = "sd2990-azure-serverless", "sd2990-azure-serverless.csproj", "{34D5088E-E7C2-422C-9B10-6E0417F82B22}"
EndProject
Global
	GlobalSection(SolutionConfigurationPlatforms) = preSolution
		Debug|Any CPU = Debug|Any CPU
		Release|Any CPU = Release|Any CPU
	EndGlobalSection
	GlobalSection(ProjectConfigurationPlatforms) = postSolution
		{34D5088E-E7C2-422C-9B10-6E0417F82B22}.Debug|Any CPU.ActiveCfg = Debug|Any CPU
		{34D5088E-E7C2-422C-9B10-6E0417F82B22}.Debug|Any CPU.Build.0 = Debug|Any CPU
		{34D5088E-E7C2-422C-9B10-6E0417F82B22}.Release|Any CPU.ActiveCfg = Release|Any CPU
		{34D5088E-E7C2-422C-9B10-6E0417F82B22}.Release|Any CPU.Build.0 = Release|Any CPU
	EndGlobalSection
	GlobalSection(SolutionProperties) = preSolution
		HideSolutionNode = FALSE
	EndGlobalSection
	GlobalSection(ExtensibilityGlobals) = postSolution
		SolutionGuid = {7D1E1116-B5A4-4A3C-85F1-665427C35822}
	EndGlobalSection
EndGlobal
